
Microsoft Visual Studio Solution File, Format Version 12.00
# Visual Studio Version 17
VisualStudioVersion = 17.4.33213.308
MinimumVisualStudioVersion = 10.0.40219.1
Project("{FAE04EC0-301F-11D3-BF4B-00C04F79EFBC}") = "ModulControl", "ModulControl\ModulControl.csproj", "{A514E109-7A5E-4028-8EE4-3EB68CA072D3}"
EndProject
Global
	GlobalSection(SolutionConfigurationPlatforms) = preSolution
		Debug|Any CPU = Debug|Any CPU
		Release|Any CPU = Release|Any CPU
	EndGlobalSection
	GlobalSection(ProjectConfigurationPlatforms) = postSolution
		{A514E109-7A5E-4028-8EE4-3EB68CA072D3}.Debug|Any CPU.ActiveCfg = Debug|Any CPU
		{A514E109-7A5E-4028-8EE4-3EB68CA072D3}.Debug|Any CPU.Build.0 = Debug|Any CPU
		{A514E109-7A5E-4028-8EE4-3EB68CA072D3}.Release|Any CPU.ActiveCfg = Release|Any CPU
		{A514E109-7A5E-4028-8EE4-3EB68CA072D3}.Release|Any CPU.Build.0 = Release|Any CPU
	EndGlobalSection
	GlobalSection(SolutionProperties) = preSolution
		HideSolutionNode = FALSE
	EndGlobalSection
	GlobalSection(ExtensibilityGlobals) = postSolution
		SolutionGuid = {85B82814-F80B-4A10-9A06-4BE1895E10C9}
	EndGlobalSection
EndGlobal
